{
  "nodes": {
    "buildNodeModules": {
      "inputs": {
        "nixpkgs": [
          "nixpkgs"
        ]
      },
      "locked": {
        "lastModified": 1707354861,
        "narHash": "sha256-L10H5hh9S6y20c7AKuKJ2h9BczODqpTCoGEZBDPJhd0=",
        "owner": "adisbladis",
        "repo": "buildNodeModules",
        "rev": "76c7c56dd9dcea355a8e2ebd0f228a8f2d1e1ee8",
        "type": "github"
      },
      "original": {
        "owner": "adisbladis",
        "repo": "buildNodeModules",
        "type": "github"
      }
    },
    "nixpkgs": {
      "locked": {
        "lastModified": 1714253743,
        "narHash": "sha256-mdTQw2XlariysyScCv2tTE45QSU9v/ezLcHJ22f0Nxc=",
        "owner": "NixOS",
        "repo": "nixpkgs",
        "rev": "58a1abdbae3217ca6b702f03d3b35125d88a2994",
        "type": "github"
      },
      "original": {
        "owner": "NixOS",
        "ref": "nixos-unstable",
        "repo": "nixpkgs",
        "type": "github"
      }
    },
    "root": {
      "inputs": {
        "buildNodeModules": "buildNodeModules",
        "nixpkgs": "nixpkgs"
      }
    }
  },
  "root": "root",
  "version": 7
}
